// !$*UTF8*$!
{
	archiveVersion = 1;
	classes = {
	};
	objectVersion = 46;
	objects = {

/* Begin PBXBuildFile section */
		F80F586F1E9041D100B00EA2 /* AppDelegate.swift in Sources */ = {isa = PBXBuildFile; fileRef = F80F586E1E9041D100B00EA2 /* AppDelegate.swift */; };
		F80F58711E9041D100B00EA2 /* ViewController.swift in Sources */ = {isa = PBXBuildFile; fileRef = F80F58701E9041D100B00EA2 /* ViewController.swift */; };
		F80F58741E9041D100B00EA2 /* Main.storyboard in Resources */ = {isa = PBXBuildFile; fileRef = F80F58721E9041D100B00EA2 /* Main.storyboard */; };
		F80F58761E9041D100B00EA2 /* Assets.xcassets in Resources */ = {isa = PBXBuildFile; fileRef = F80F58751E9041D100B00EA2 /* Assets.xcassets */; };
		F80F58791E9041D100B00EA2 /* LaunchScreen.storyboard in Resources */ = {isa = PBXBuildFile; fileRef = F80F58771E9041D100B00EA2 /* LaunchScreen.storyboard */; };
		F8263BB81E9068E700B2281D /* logo_hertz_app.png in Resources */ = {isa = PBXBuildFile; fileRef = F8263BB71E9068E700B2281D /* logo_hertz_app.png */; };
		F8263BBA1E9079C300B2281D /* AVAudioRecorder.swift in Sources */ = {isa = PBXBuildFile; fileRef = F8263BB91E9079C300B2281D /* AVAudioRecorder.swift */; };
/* End PBXBuildFile section */

/* Begin PBXFileReference section */
		F80F586B1E9041D100B00EA2 /* HertzChauffeur.app */ = {isa = PBXFileReference; explicitFileType = wrapper.application; includeInIndex = 0; path = HertzChauffeur.app; sourceTree = BUILT_PRODUCTS_DIR; };
		F80F586E1E9041D100B00EA2 /* AppDelegate.swift */ = {isa = PBXFileReference; lastKnownFileType = sourcecode.swift; path = AppDelegate.swift; sourceTree = "<group>"; };
		F80F58701E9041D100B00EA2 /* ViewController.swift */ = {isa = PBXFileReference; lastKnownFileType = sourcecode.swift; path = ViewController.swift; sourceTree = "<group>"; };
		F80F58731E9041D100B00EA2 /* Base */ = {isa = PBXFileReference; lastKnownFileType = file.storyboard; name = Base; path = Base.lproj/Main.storyboard; sourceTree = "<group>"; };
		F80F58751E9041D100B00EA2 /* Assets.xcassets */ = {isa = PBXFileReference; lastKnownFileType = folder.assetcatalog; path = Assets.xcassets; sourceTree = "<group>"; };
		F80F58781E9041D100B00EA2 /* Base */ = {isa = PBXFileReference; lastKnownFileType = file.storyboard; name = Base; path = Base.lproj/LaunchScreen.storyboard; sourceTree = "<group>"; };
		F80F587A1E9041D100B00EA2 /* Info.plist */ = {isa = PBXFileReference; lastKnownFileType = text.plist.xml; path = Info.plist; sourceTree = "<group>"; };
		F8263BB71E9068E700B2281D /* logo_hertz_app.png */ = {isa = PBXFileReference; lastKnownFileType = image.png; path = logo_hertz_app.png; sourceTree = "<group>"; };
		F8263BB91E9079C300B2281D /* AVAudioRecorder.swift */ = {isa = PBXFileReference; fileEncoding = 4; lastKnownFileType = sourcecode.swift; path = AVAudioRecorder.swift; sourceTree = "<group>"; };
/* End PBXFileReference section */

/* Begin PBXFrameworksBuildPhase section */
		F80F58681E9041D100B00EA2 /* Frameworks */ = {
			isa = PBXFrameworksBuildPhase;
			buildActionMask = 2147483647;
			files = (
			);
			runOnlyForDeploymentPostprocessing = 0;
		};
/* End PBXFrameworksBuildPhase section */

/* Begin PBXGroup section */
		F80F58621E9041D100B00EA2 = {
			isa = PBXGroup;
			children = (
				F80F586D1E9041D100B00EA2 /* HertzChauffeur */,
				F80F586C1E9041D100B00EA2 /* Products */,
			);
			sourceTree = "<group>";
		};
		F80F586C1E9041D100B00EA2 /* Products */ = {
			isa = PBXGroup;
			children = (
				F80F586B1E9041D100B00EA2 /* HertzChauffeur.app */,
			);
			name = Products;
			sourceTree = "<group>";
		};
		F80F586D1E9041D100B00EA2 /* HertzChauffeur */ = {
			isa = PBXGroup;
			children = (
				F80F586E1E9041D100B00EA2 /* AppDelegate.swift */,
				F80F58701E9041D100B00EA2 /* ViewController.swift */,
				F8263BB91E9079C300B2281D /* AVAudioRecorder.swift */,
				F80F58721E9041D100B00EA2 /* Main.storyboard */,
				F80F58751E9041D100B00EA2 /* Assets.xcassets */,
				F80F58771E9041D100B00EA2 /* LaunchScreen.storyboard */,
				F80F587A1E9041D100B00EA2 /* Info.plist */,
				F8263BB71E9068E700B2281D /* logo_hertz_app.png */,
			);
			path = HertzChauffeur;
			sourceTree = "<group>";
		};
/* End PBXGroup section */

/* Begin PBXNativeTarget section */
		F80F586A1E9041D100B00EA2 /* HertzChauffeur */ = {
			isa = PBXNativeTarget;
			buildConfigurationList = F80F587D1E9041D100B00EA2 /* Build configuration list for PBXNativeTarget "HertzChauffeur" */;
			buildPhases = (
				F80F58671E9041D100B00EA2 /* Sources */,
				F80F58681E9041D100B00EA2 /* Frameworks */,
				F80F58691E9041D100B00EA2 /* Resources */,
			);
			buildRules = (
			);
			dependencies = (
			);
			name = HertzChauffeur;
			productName = HertzChauffeur;
			productReference = F80F586B1E9041D100B00EA2 /* HertzChauffeur.app */;
			productType = "com.apple.product-type.application";
		};
/* End PBXNativeTarget section */

/* Begin PBXProject section */
		F80F58631E9041D100B00EA2 /* Project object */ = {
			isa = PBXProject;
			attributes = {
				LastSwiftUpdateCheck = 0820;
				LastUpgradeCheck = 0820;
				ORGANIZATIONNAME = Yamnel;
				TargetAttributes = {
					F80F586A1E9041D100B00EA2 = {
						CreatedOnToolsVersion = 8.2.1;
						DevelopmentTeam = 4U642UQEDA;
						ProvisioningStyle = Automatic;
					};
				};
			};
			buildConfigurationList = F80F58661E9041D100B00EA2 /* Build configuration list for PBXProject "HertzChauffeur" */;
			compatibilityVersion = "Xcode 3.2";
			developmentRegion = English;
			hasScannedForEncodings = 0;
			knownRegions = (
				en,
				Base,
			);
			mainGroup = F80F58621E9041D100B00EA2;
			productRefGroup = F80F586C1E9041D100B00EA2 /* Products */;
			projectDirPath = "";
			projectRoot = "";
			targets = (
				F80F586A1E9041D100B00EA2 /* HertzChauffeur */,
			);
		};
/* End PBXProject section */

/* Begin PBXResourcesBuildPhase section */
		F80F58691E9041D100B00EA2 /* Resources */ = {
			isa = PBXResourcesBuildPhase;
			buildActionMask = 2147483647;
			files = (
				F80F58791E9041D100B00EA2 /* LaunchScreen.storyboard in Resources */,
				F80F58761E9041D100B00EA2 /* Assets.xcassets in Resources */,
				F8263BB81E9068E700B2281D /* logo_hertz_app.png in Resources */,
				F80F58741E9041D100B00EA2 /* Main.storyboard in Resources */,
			);
			runOnlyForDeploymentPostprocessing = 0;
		};
/* End PBXResourcesBuildPhase section */

/* Begin PBXSourcesBuildPhase section */
		F80F58671E9041D100B00EA2 /* Sources */ = {
			isa = PBXSourcesBuildPhase;
			buildActionMask = 2147483647;
			files = (
				F80F58711E9041D100B00EA2 /* ViewController.swift in Sources */,
				F80F586F1E9041D100B00EA2 /* AppDelegate.swift in Sources */,
				F8263BBA1E9079C300B2281D /* AVAudioRecorder.swift in Sources */,
			);
			runOnlyForDeploymentPostprocessing = 0;
		};
/* End PBXSourcesBuildPhase section */

/* Begin PBXVariantGroup section */
		F80F58721E9041D100B00EA2 /* Main.storyboard */ = {
			isa = PBXVariantGroup;
			children = (
				F80F58731E9041D100B00EA2 /* Base */,
			);
			name = Main.storyboard;
			sourceTree = "<group>";
		};
		F80F58771E9041D100B00EA2 /* LaunchScreen.storyboard */ = {
			isa = PBXVariantGroup;
			children = (
				F80F58781E9041D100B00EA2 /* Base */,
			);
			name = LaunchScreen.storyboard;
			sourceTree = "<group>";
		};
/* End PBXVariantGroup section */

/* Begin XCBuildConfiguration section */
		F80F587B1E9041D100B00EA2 /* Debug */ = {
			isa = XCBuildConfiguration;
			buildSettings = {
				ALWAYS_SEARCH_USER_PATHS = NO;
				CLANG_ANALYZER_NONNULL = YES;
				CLANG_CXX_LANGUAGE_STANDARD = "gnu++0x";
				CLANG_CXX_LIBRARY = "libc++";
				CLANG_ENABLE_MODULES = YES;
				CLANG_ENABLE_OBJC_ARC = YES;
				CLANG_WARN_BOOL_CONVERSION = YES;
				CLANG_WARN_CONSTANT_CONVERSION = YES;
				CLANG_WARN_DIRECT_OBJC_ISA_USAGE = YES_ERROR;
				CLANG_WARN_DOCUMENTATION_COMMENTS = YES;
				CLANG_WARN_EMPTY_BODY = YES;
				CLANG_WARN_ENUM_CONVERSION = YES;
				CLANG_WARN_INFINITE_RECURSION = YES;
				CLANG_WARN_INT_CONVERSION = YES;
				CLANG_WARN_OBJC_ROOT_CLASS = YES_ERROR;
				CLANG_WARN_SUSPICIOUS_MOVE = YES;
				CLANG_WARN_UNREACHABLE_CODE = YES;
				CLANG_WARN__DUPLICATE_METHOD_MATCH = YES;
				"CODE_SIGN_IDENTITY[sdk=iphoneos*]" = "iPhone Developer";
				COPY_PHASE_STRIP = NO;
				DEBUG_INFORMATION_FORMAT = dwarf;
				ENABLE_STRICT_OBJC_MSGSEND = YES;
				ENABLE_TESTABILITY = YES;
				GCC_C_LANGUAGE_STANDARD = gnu99;
				GCC_DYNAMIC_NO_PIC = NO;
				GCC_NO_COMMON_BLOCKS = YES;
				GCC_OPTIMIZATION_LEVEL = 0;
				GCC_PREPROCESSOR_DEFINITIONS = (
					"DEBUG=1",
					"$(inherited)",
				);
				GCC_WARN_64_TO_32_BIT_CONVERSION = YES;
				GCC_WARN_ABOUT_RETURN_TYPE = YES_ERROR;
				GCC_WARN_UNDECLARED_SELECTOR = YES;
				GCC_WARN_UNINITIALIZED_AUTOS = YES_AGGRESSIVE;
				GCC_WARN_UNUSED_FUNCTION = YES;
				GCC_WARN_UNUSED_VARIABLE = YES;
				IPHONEOS_DEPLOYMENT_TARGET = 10.2;
				MTL_ENABLE_DEBUG_INFO = YES;
				ONLY_ACTIVE_ARCH = YES;
				SDKROOT = iphoneos;
				SWIFT_ACTIVE_COMPILATION_CONDITIONS = DEBUG;
				SWIFT_OPTIMIZATION_LEVEL = "-Onone";
				TARGETED_DEVICE_FAMILY = "1,2";
			};
			name = Debug;
		};
		F80F587C1E9041D100B00EA2 /* Release */ = {
			isa = XCBuildConfiguration;
			buildSettings = {
				ALWAYS_SEARCH_USER_PATHS = NO;
				CLANG_ANALYZER_NONNULL = YES;
				CLANG_CXX_LANGUAGE_STANDARD = "gnu++0x";
				CLANG_CXX_LIBRARY = "libc++";
				CLANG_ENABLE_MODULES = YES;
				CLANG_ENABLE_OBJC_ARC = YES;
				CLANG_WARN_BOOL_CONVERSION = YES;
				CLANG_WARN_CONSTANT_CONVERSION = YES;
				CLANG_WARN_DIRECT_OBJC_ISA_USAGE = YES_ERROR;
				CLANG_WARN_DOCUMENTATION_COMMENTS = YES;
				CLANG_WARN_EMPTY_BODY = YES;
				CLANG_WARN_ENUM_CONVERSION = YES;
				CLANG_WARN_INFINITE_RECURSION = YES;
				CLANG_WARN_INT_CONVERSION = YES;
				CLANG_WARN_OBJC_ROOT_CLASS = YES_ERROR;
				CLANG_WARN_SUSPICIOUS_MOVE = YES;
				CLANG_WARN_UNREACHABLE_CODE = YES;
				CLANG_WARN__DUPLICATE_METHOD_MATCH = YES;
				"CODE_SIGN_IDENTITY[sdk=iphoneos*]" = "iPhone Developer";
				COPY_PHASE_STRIP = NO;
				DEBUG_INFORMATION_FORMAT = "dwarf-with-dsym";
				ENABLE_NS_ASSERTIONS = NO;
				ENABLE_STRICT_OBJC_MSGSEND = YES;
				GCC_C_LANGUAGE_STANDARD = gnu99;
				GCC_NO_COMMON_BLOCKS = YES;
				GCC_WARN_64_TO_32_BIT_CONVERSION = YES;
				GCC_WARN_ABOUT_RETURN_TYPE = YES_ERROR;
				GCC_WARN_UNDECLARED_SELECTOR = YES;
				GCC_WARN_UNINITIALIZED_AUTOS = YES_AGGRESSIVE;
				GCC_WARN_UNUSED_FUNCTION = YES;
				GCC_WARN_UNUSED_VARIABLE = YES;
				IPHONEOS_DEPLOYMENT_TARGET = 10.2;
				MTL_ENABLE_DEBUG_INFO = NO;
				SDKROOT = iphoneos;
				SWIFT_OPTIMIZATION_LEVEL = "-Owholemodule";
				TARGETED_DEVICE_FAMILY = "1,2";
				VALIDATE_PRODUCT = YES;
			};
			name = Release;
		};
		F80F587E1E9041D100B00EA2 /* Debug */ = {
			isa = XCBuildConfiguration;
			buildSettings = {
				ASSETCATALOG_COMPILER_APPICON_NAME = AppIcon;
				DEVELOPMENT_TEAM = 4U642UQEDA;
				INFOPLIST_FILE = HertzChauffeur/Info.plist;
				LD_RUNPATH_SEARCH_PATHS = "$(inherited) @executable_path/Frameworks";
				PRODUCT_BUNDLE_IDENTIFIER = com.yamnel.HertzChauffeur;
				PRODUCT_NAME = "$(TARGET_NAME)";
				SWIFT_VERSION = 3.0;
			};
			name = Debug;
		};
		F80F587F1E9041D100B00EA2 /* Release */ = {
			isa = XCBuildConfiguration;
			buildSettings = {
				ASSETCATALOG_COMPILER_APPICON_NAME = AppIcon;
				DEVELOPMENT_TEAM = 4U642UQEDA;
				INFOPLIST_FILE = HertzChauffeur/Info.plist;
				LD_RUNPATH_SEARCH_PATHS = "$(inherited) @executable_path/Frameworks";
				PRODUCT_BUNDLE_IDENTIFIER = com.yamnel.HertzChauffeur;
				PRODUCT_NAME = "$(TARGET_NAME)";
				SWIFT_VERSION = 3.0;
			};
			name = Release;
		};
/* End XCBuildConfiguration section */

/* Begin XCConfigurationList section */
		F80F58661E9041D100B00EA2 /* Build configuration list for PBXProject "HertzChauffeur" */ = {
			isa = XCConfigurationList;
			buildConfigurations = (
				F80F587B1E9041D100B00EA2 /* Debug */,
				F80F587C1E9041D100B00EA2 /* Release */,
			);
			defaultConfigurationIsVisible = 0;
			defaultConfigurationName = Release;
		};
		F80F587D1E9041D100B00EA2 /* Build configuration list for PBXNativeTarget "HertzChauffeur" */ = {
			isa = XCConfigurationList;
			buildConfigurations = (
				F80F587E1E9041D100B00EA2 /* Debug */,
				F80F587F1E9041D100B00EA2 /* Release */,
			);
			defaultConfigurationIsVisible = 0;
			defaultConfigurationName = Release;
		};
/* End XCConfigurationList section */
	};
	rootObject = F80F58631E9041D100B00EA2 /* Project object */;
}
