// !$*UTF8*$!
{
	archiveVersion = 1;
	classes = {
	};
	objectVersion = 46;
	objects = {

/* Begin PBXBuildFile section */
		72AB24EB1E9051250067C93F /* XiveleyConnect.m in Sources */ = {isa = PBXBuildFile; fileRef = 72AB24EA1E9051250067C93F /* XiveleyConnect.m */; };
		F80F586F1E9041D100B00EA2 /* AppDelegate.swift in Sources */ = {isa = PBXBuildFile; fileRef = F80F586E1E9041D100B00EA2 /* AppDelegate.swift */; };
		F80F58711E9041D100B00EA2 /* ViewController.swift in Sources */ = {isa = PBXBuildFile; fileRef = F80F58701E9041D100B00EA2 /* ViewController.swift */; };
		F80F58741E9041D100B00EA2 /* Main.storyboard in Resources */ = {isa = PBXBuildFile; fileRef = F80F58721E9041D100B00EA2 /* Main.storyboard */; };
		F80F58761E9041D100B00EA2 /* Assets.xcassets in Resources */ = {isa = PBXBuildFile; fileRef = F80F58751E9041D100B00EA2 /* Assets.xcassets */; };
		F80F58791E9041D100B00EA2 /* LaunchScreen.storyboard in Resources */ = {isa = PBXBuildFile; fileRef = F80F58771E9041D100B00EA2 /* LaunchScreen.storyboard */; };
		F8263BB81E9068E700B2281D /* logo_hertz_app.png in Resources */ = {isa = PBXBuildFile; fileRef = F8263BB71E9068E700B2281D /* logo_hertz_app.png */; };
/* End PBXBuildFile section */

/* Begin PBXCopyFilesBuildPhase section */
		F82323871E9080DE004FA8DC /* Embed Frameworks */ = {
			isa = PBXCopyFilesBuildPhase;
			buildActionMask = 2147483647;
			dstPath = "";
			dstSubfolderSpec = 10;
			files = (
				F823237E1E9080DD004FA8DC /* TextToSpeechV1.framework in Embed Frameworks */,
				F823236C1E9080DD004FA8DC /* LanguageTranslatorV2.framework in Embed Frameworks */,
				F82323621E9080DD004FA8DC /* AlchemyVisionV1.framework in Embed Frameworks */,
				F82323801E9080DD004FA8DC /* ToneAnalyzerV3.framework in Embed Frameworks */,
				F82323761E9080DD004FA8DC /* RelationshipExtractionV1Beta.framework in Embed Frameworks */,
				F823235E1E9080DD004FA8DC /* AlchemyDataNewsV1.framework in Embed Frameworks */,
				F82323661E9080DD004FA8DC /* DialogV1.framework in Embed Frameworks */,
				F82323641E9080DD004FA8DC /* ConversationV1.framework in Embed Frameworks */,
				F823237A1E9080DD004FA8DC /* RetrieveAndRankV1.framework in Embed Frameworks */,
				F82323821E9080DD004FA8DC /* TradeoffAnalyticsV1.framework in Embed Frameworks */,
				F823236A1E9080DD004FA8DC /* DocumentConversionV1.framework in Embed Frameworks */,
				F82323841E9080DD004FA8DC /* VisualRecognitionV3.framework in Embed Frameworks */,
				F82323701E9080DD004FA8DC /* NaturalLanguageUnderstandingV1.framework in Embed Frameworks */,
				F82323721E9080DD004FA8DC /* PersonalityInsightsV2.framework in Embed Frameworks */,
				F82323781E9080DD004FA8DC /* RestKit.framework in Embed Frameworks */,
				F823237C1E9080DD004FA8DC /* SpeechToTextV1.framework in Embed Frameworks */,
				F82323681E9080DD004FA8DC /* DiscoveryV1.framework in Embed Frameworks */,
				F82323601E9080DD004FA8DC /* AlchemyLanguageV1.framework in Embed Frameworks */,
				F823236E1E9080DD004FA8DC /* NaturalLanguageClassifierV1.framework in Embed Frameworks */,
				F82323741E9080DD004FA8DC /* PersonalityInsightsV3.framework in Embed Frameworks */,
			);
			name = "Embed Frameworks";
			runOnlyForDeploymentPostprocessing = 0;
		};
/* End PBXCopyFilesBuildPhase section */

/* Begin PBXFileReference section */
		72AB24E91E9051240067C93F /* HertzChauffeur-Bridging-Header.h */ = {isa = PBXFileReference; lastKnownFileType = sourcecode.c.h; path = "HertzChauffeur-Bridging-Header.h"; sourceTree = "<group>"; };
		72AB24EA1E9051250067C93F /* XiveleyConnect.m */ = {isa = PBXFileReference; fileEncoding = 4; lastKnownFileType = sourcecode.c.objc; path = XiveleyConnect.m; sourceTree = "<group>"; };
		F80F586B1E9041D100B00EA2 /* HertzChauffeur.app */ = {isa = PBXFileReference; explicitFileType = wrapper.application; includeInIndex = 0; path = HertzChauffeur.app; sourceTree = BUILT_PRODUCTS_DIR; };
		F80F586E1E9041D100B00EA2 /* AppDelegate.swift */ = {isa = PBXFileReference; lastKnownFileType = sourcecode.swift; path = AppDelegate.swift; sourceTree = "<group>"; };
		F80F58701E9041D100B00EA2 /* ViewController.swift */ = {isa = PBXFileReference; lastKnownFileType = sourcecode.swift; path = ViewController.swift; sourceTree = "<group>"; };
		F80F58731E9041D100B00EA2 /* Base */ = {isa = PBXFileReference; lastKnownFileType = file.storyboard; name = Base; path = Base.lproj/Main.storyboard; sourceTree = "<group>"; };
		F80F58751E9041D100B00EA2 /* Assets.xcassets */ = {isa = PBXFileReference; lastKnownFileType = folder.assetcatalog; path = Assets.xcassets; sourceTree = "<group>"; };
		F80F58781E9041D100B00EA2 /* Base */ = {isa = PBXFileReference; lastKnownFileType = file.storyboard; name = Base; path = Base.lproj/LaunchScreen.storyboard; sourceTree = "<group>"; };
		F80F587A1E9041D100B00EA2 /* Info.plist */ = {isa = PBXFileReference; lastKnownFileType = text.plist.xml; path = Info.plist; sourceTree = "<group>"; };
		F8263BB71E9068E700B2281D /* logo_hertz_app.png */ = {isa = PBXFileReference; lastKnownFileType = image.png; path = logo_hertz_app.png; sourceTree = "<group>"; };
/* End PBXFileReference section */

/* Begin PBXFrameworksBuildPhase section */
		F80F58681E9041D100B00EA2 /* Frameworks */ = {
			isa = PBXFrameworksBuildPhase;
			buildActionMask = 2147483647;
			files = (
				F82323881E908120004FA8DC /* XivelySDK.framework in Frameworks */,
				F823237D1E9080DD004FA8DC /* TextToSpeechV1.framework in Frameworks */,
				F823236B1E9080DD004FA8DC /* LanguageTranslatorV2.framework in Frameworks */,
				F82323611E9080DD004FA8DC /* AlchemyVisionV1.framework in Frameworks */,
				F823237F1E9080DD004FA8DC /* ToneAnalyzerV3.framework in Frameworks */,
				F82323751E9080DD004FA8DC /* RelationshipExtractionV1Beta.framework in Frameworks */,
				F823235D1E9080DD004FA8DC /* AlchemyDataNewsV1.framework in Frameworks */,
				F82323651E9080DD004FA8DC /* DialogV1.framework in Frameworks */,
				F82323631E9080DD004FA8DC /* ConversationV1.framework in Frameworks */,
				F82323791E9080DD004FA8DC /* RetrieveAndRankV1.framework in Frameworks */,
				F82323811E9080DD004FA8DC /* TradeoffAnalyticsV1.framework in Frameworks */,
				F82323691E9080DD004FA8DC /* DocumentConversionV1.framework in Frameworks */,
				F82323831E9080DD004FA8DC /* VisualRecognitionV3.framework in Frameworks */,
				F823236F1E9080DD004FA8DC /* NaturalLanguageUnderstandingV1.framework in Frameworks */,
				F82323711E9080DD004FA8DC /* PersonalityInsightsV2.framework in Frameworks */,
				F82323771E9080DD004FA8DC /* RestKit.framework in Frameworks */,
				F823237B1E9080DD004FA8DC /* SpeechToTextV1.framework in Frameworks */,
				F82323671E9080DD004FA8DC /* DiscoveryV1.framework in Frameworks */,
				F823235F1E9080DD004FA8DC /* AlchemyLanguageV1.framework in Frameworks */,
				F823236D1E9080DD004FA8DC /* NaturalLanguageClassifierV1.framework in Frameworks */,
				F82323731E9080DD004FA8DC /* PersonalityInsightsV3.framework in Frameworks */,
			);
			runOnlyForDeploymentPostprocessing = 0;
		};
/* End PBXFrameworksBuildPhase section */

/* Begin PBXGroup section */
		722888B31E90479D00C23F4E /* Frameworks */ = {
			isa = PBXGroup;
			children = (
				F81011991E907A8B0055B381 /* AlchemyDataNewsV1.framework */,
				F810119A1E907A8B0055B381 /* AlchemyLanguageV1.framework */,
				F810119B1E907A8B0055B381 /* AlchemyVisionV1.framework */,
				F810119C1E907A8B0055B381 /* ConversationV1.framework */,
				F810119D1E907A8B0055B381 /* DialogV1.framework */,
				F810119E1E907A8B0055B381 /* DiscoveryV1.framework */,
				F810119F1E907A8B0055B381 /* DocumentConversionV1.framework */,
				F81011A01E907A8B0055B381 /* LanguageTranslatorV2.framework */,
				F81011A11E907A8B0055B381 /* NaturalLanguageClassifierV1.framework */,
				F81011A21E907A8B0055B381 /* NaturalLanguageUnderstandingV1.framework */,
				F81011A31E907A8B0055B381 /* PersonalityInsightsV2.framework */,
				F81011A41E907A8B0055B381 /* PersonalityInsightsV3.framework */,
				F81011A51E907A8B0055B381 /* RelationshipExtractionV1Beta.framework */,
				F81011A61E907A8B0055B381 /* RestKit.framework */,
				F81011A71E907A8B0055B381 /* RetrieveAndRankV1.framework */,
				F81011A81E907A8B0055B381 /* SpeechToTextV1.framework */,
				F81011A91E907A8B0055B381 /* TextToSpeechV1.framework */,
				F81011AA1E907A8B0055B381 /* ToneAnalyzerV3.framework */,
				F81011AB1E907A8B0055B381 /* TradeoffAnalyticsV1.framework */,
				F81011AC1E907A8B0055B381 /* VisualRecognitionV3.framework */,
				F81011AD1E907A8B0055B381 /* XivelySDK.framework */,
			);
			name = Frameworks;
			sourceTree = "<group>";
		};
		F80F58621E9041D100B00EA2 = {
			isa = PBXGroup;
			children = (
				F80F586D1E9041D100B00EA2 /* HertzChauffeur */,
				F80F586C1E9041D100B00EA2 /* Products */,
				722888B31E90479D00C23F4E /* Frameworks */,
			);
			sourceTree = "<group>";
		};
		F80F586C1E9041D100B00EA2 /* Products */ = {
			isa = PBXGroup;
			children = (
				F80F586B1E9041D100B00EA2 /* HertzChauffeur.app */,
			);
			name = Products;
			sourceTree = "<group>";
		};
		F80F586D1E9041D100B00EA2 /* HertzChauffeur */ = {
			isa = PBXGroup;
			children = (
				F80F586E1E9041D100B00EA2 /* AppDelegate.swift */,
				F80F58701E9041D100B00EA2 /* ViewController.swift */,
				F80F58721E9041D100B00EA2 /* Main.storyboard */,
				F80F58751E9041D100B00EA2 /* Assets.xcassets */,
				F80F58771E9041D100B00EA2 /* LaunchScreen.storyboard */,
				F80F587A1E9041D100B00EA2 /* Info.plist */,
				F8263BB71E9068E700B2281D /* logo_hertz_app.png */,
			);
			path = HertzChauffeur;
			sourceTree = "<group>";
		};
/* End PBXGroup section */

/* Begin PBXNativeTarget section */
		F80F586A1E9041D100B00EA2 /* HertzChauffeur */ = {
			isa = PBXNativeTarget;
			buildConfigurationList = F80F587D1E9041D100B00EA2 /* Build configuration list for PBXNativeTarget "HertzChauffeur" */;
			buildPhases = (
				F80F58671E9041D100B00EA2 /* Sources */,
				F80F58681E9041D100B00EA2 /* Frameworks */,
				F80F58691E9041D100B00EA2 /* Resources */,
				F82323871E9080DE004FA8DC /* Embed Frameworks */,
			);
			buildRules = (
			);
			dependencies = (
			);
			name = HertzChauffeur;
			productName = HertzChauffeur;
			productReference = F80F586B1E9041D100B00EA2 /* HertzChauffeur.app */;
			productType = "com.apple.product-type.application";
		};
/* End PBXNativeTarget section */

/* Begin PBXProject section */
		F80F58631E9041D100B00EA2 /* Project object */ = {
			isa = PBXProject;
			attributes = {
				LastSwiftUpdateCheck = 0820;
				LastUpgradeCheck = 0820;
				ORGANIZATIONNAME = Yamnel;
				TargetAttributes = {
					F80F586A1E9041D100B00EA2 = {
						CreatedOnToolsVersion = 8.2.1;
						DevelopmentTeam = 4U642UQEDA;
						ProvisioningStyle = Automatic;
					};
				};
			};
			buildConfigurationList = F80F58661E9041D100B00EA2 /* Build configuration list for PBXProject "HertzChauffeur" */;
			compatibilityVersion = "Xcode 3.2";
			developmentRegion = English;
			hasScannedForEncodings = 0;
			knownRegions = (
				en,
				Base,
			);
			mainGroup = F80F58621E9041D100B00EA2;
			productRefGroup = F80F586C1E9041D100B00EA2 /* Products */;
			projectDirPath = "";
			projectRoot = "";
			targets = (
				F80F586A1E9041D100B00EA2 /* HertzChauffeur */,
			);
		};
/* End PBXProject section */

/* Begin PBXResourcesBuildPhase section */
		F80F58691E9041D100B00EA2 /* Resources */ = {
			isa = PBXResourcesBuildPhase;
			buildActionMask = 2147483647;
			files = (
				F80F58791E9041D100B00EA2 /* LaunchScreen.storyboard in Resources */,
				F80F58761E9041D100B00EA2 /* Assets.xcassets in Resources */,
				F8263BB81E9068E700B2281D /* logo_hertz_app.png in Resources */,
				F80F58741E9041D100B00EA2 /* Main.storyboard in Resources */,
			);
			runOnlyForDeploymentPostprocessing = 0;
		};
/* End PBXResourcesBuildPhase section */

/* Begin PBXSourcesBuildPhase section */
		F80F58671E9041D100B00EA2 /* Sources */ = {
			isa = PBXSourcesBuildPhase;
			buildActionMask = 2147483647;
			files = (
				F80F58711E9041D100B00EA2 /* ViewController.swift in Sources */,
				F80F586F1E9041D100B00EA2 /* AppDelegate.swift in Sources */,
				72AB24EB1E9051250067C93F /* XiveleyConnect.m in Sources */,
			);
			runOnlyForDeploymentPostprocessing = 0;
		};
/* End PBXSourcesBuildPhase section */

/* Begin PBXVariantGroup section */
		F80F58721E9041D100B00EA2 /* Main.storyboard */ = {
			isa = PBXVariantGroup;
			children = (
				F80F58731E9041D100B00EA2 /* Base */,
			);
			name = Main.storyboard;
			sourceTree = "<group>";
		};
		F80F58771E9041D100B00EA2 /* LaunchScreen.storyboard */ = {
			isa = PBXVariantGroup;
			children = (
				F80F58781E9041D100B00EA2 /* Base */,
			);
			name = LaunchScreen.storyboard;
			sourceTree = "<group>";
		};
/* End PBXVariantGroup section */

/* Begin XCBuildConfiguration section */
		F80F587B1E9041D100B00EA2 /* Debug */ = {
			isa = XCBuildConfiguration;
			buildSettings = {
				ALWAYS_SEARCH_USER_PATHS = NO;
				CLANG_ANALYZER_NONNULL = YES;
				CLANG_CXX_LANGUAGE_STANDARD = "gnu++0x";
				CLANG_CXX_LIBRARY = "libc++";
				CLANG_ENABLE_MODULES = YES;
				CLANG_ENABLE_OBJC_ARC = YES;
				CLANG_WARN_BOOL_CONVERSION = YES;
				CLANG_WARN_CONSTANT_CONVERSION = YES;
				CLANG_WARN_DIRECT_OBJC_ISA_USAGE = YES_ERROR;
				CLANG_WARN_DOCUMENTATION_COMMENTS = YES;
				CLANG_WARN_EMPTY_BODY = YES;
				CLANG_WARN_ENUM_CONVERSION = YES;
				CLANG_WARN_INFINITE_RECURSION = YES;
				CLANG_WARN_INT_CONVERSION = YES;
				CLANG_WARN_OBJC_ROOT_CLASS = YES_ERROR;
				CLANG_WARN_SUSPICIOUS_MOVE = YES;
				CLANG_WARN_UNREACHABLE_CODE = YES;
				CLANG_WARN__DUPLICATE_METHOD_MATCH = YES;
				"CODE_SIGN_IDENTITY[sdk=iphoneos*]" = "iPhone Developer";
				COPY_PHASE_STRIP = NO;
				DEBUG_INFORMATION_FORMAT = dwarf;
				ENABLE_STRICT_OBJC_MSGSEND = YES;
				ENABLE_TESTABILITY = YES;
				GCC_C_LANGUAGE_STANDARD = gnu99;
				GCC_DYNAMIC_NO_PIC = NO;
				GCC_NO_COMMON_BLOCKS = YES;
				GCC_OPTIMIZATION_LEVEL = 0;
				GCC_PREPROCESSOR_DEFINITIONS = (
					"DEBUG=1",
					"$(inherited)",
				);
				GCC_WARN_64_TO_32_BIT_CONVERSION = YES;
				GCC_WARN_ABOUT_RETURN_TYPE = YES_ERROR;
				GCC_WARN_UNDECLARED_SELECTOR = YES;
				GCC_WARN_UNINITIALIZED_AUTOS = YES_AGGRESSIVE;
				GCC_WARN_UNUSED_FUNCTION = YES;
				GCC_WARN_UNUSED_VARIABLE = YES;
				IPHONEOS_DEPLOYMENT_TARGET = 10.2;
				MTL_ENABLE_DEBUG_INFO = YES;
				ONLY_ACTIVE_ARCH = YES;
				SDKROOT = iphoneos;
				SWIFT_ACTIVE_COMPILATION_CONDITIONS = DEBUG;
				SWIFT_OPTIMIZATION_LEVEL = "-Onone";
				TARGETED_DEVICE_FAMILY = "1,2";
			};
			name = Debug;
		};
		F80F587C1E9041D100B00EA2 /* Release */ = {
			isa = XCBuildConfiguration;
			buildSettings = {
				ALWAYS_SEARCH_USER_PATHS = NO;
				CLANG_ANALYZER_NONNULL = YES;
				CLANG_CXX_LANGUAGE_STANDARD = "gnu++0x";
				CLANG_CXX_LIBRARY = "libc++";
				CLANG_ENABLE_MODULES = YES;
				CLANG_ENABLE_OBJC_ARC = YES;
				CLANG_WARN_BOOL_CONVERSION = YES;
				CLANG_WARN_CONSTANT_CONVERSION = YES;
				CLANG_WARN_DIRECT_OBJC_ISA_USAGE = YES_ERROR;
				CLANG_WARN_DOCUMENTATION_COMMENTS = YES;
				CLANG_WARN_EMPTY_BODY = YES;
				CLANG_WARN_ENUM_CONVERSION = YES;
				CLANG_WARN_INFINITE_RECURSION = YES;
				CLANG_WARN_INT_CONVERSION = YES;
				CLANG_WARN_OBJC_ROOT_CLASS = YES_ERROR;
				CLANG_WARN_SUSPICIOUS_MOVE = YES;
				CLANG_WARN_UNREACHABLE_CODE = YES;
				CLANG_WARN__DUPLICATE_METHOD_MATCH = YES;
				"CODE_SIGN_IDENTITY[sdk=iphoneos*]" = "iPhone Developer";
				COPY_PHASE_STRIP = NO;
				DEBUG_INFORMATION_FORMAT = "dwarf-with-dsym";
				ENABLE_NS_ASSERTIONS = NO;
				ENABLE_STRICT_OBJC_MSGSEND = YES;
				GCC_C_LANGUAGE_STANDARD = gnu99;
				GCC_NO_COMMON_BLOCKS = YES;
				GCC_WARN_64_TO_32_BIT_CONVERSION = YES;
				GCC_WARN_ABOUT_RETURN_TYPE = YES_ERROR;
				GCC_WARN_UNDECLARED_SELECTOR = YES;
				GCC_WARN_UNINITIALIZED_AUTOS = YES_AGGRESSIVE;
				GCC_WARN_UNUSED_FUNCTION = YES;
				GCC_WARN_UNUSED_VARIABLE = YES;
				IPHONEOS_DEPLOYMENT_TARGET = 10.2;
				MTL_ENABLE_DEBUG_INFO = NO;
				SDKROOT = iphoneos;
				SWIFT_OPTIMIZATION_LEVEL = "-Owholemodule";
				TARGETED_DEVICE_FAMILY = "1,2";
				VALIDATE_PRODUCT = YES;
			};
			name = Release;
		};
		F80F587E1E9041D100B00EA2 /* Debug */ = {
			isa = XCBuildConfiguration;
			buildSettings = {
				ASSETCATALOG_COMPILER_APPICON_NAME = AppIcon;
				DEVELOPMENT_TEAM = 4U642UQEDA;
				INFOPLIST_FILE = HertzChauffeur/Info.plist;
				LD_RUNPATH_SEARCH_PATHS = "$(inherited) @executable_path/Frameworks";
				LIBRARY_SEARCH_PATHS = (
					"$(inherited)",
					"$(PROJECT_DIR)/xively-mobile-sdk-ios/XivelySDKiOS/build",
				);
				PRODUCT_BUNDLE_IDENTIFIER = com.yamnel.HertzChauffeur;
				PRODUCT_NAME = "$(TARGET_NAME)";
				PROVISIONING_PROFILE_SPECIFIER = "";
				SWIFT_OBJC_BRIDGING_HEADER = "HertzChauffeur/HertzChauffeur-Bridging-Header.h";
				SWIFT_OPTIMIZATION_LEVEL = "-Onone";
				SWIFT_VERSION = 3.0;
			};
			name = Debug;
		};
		F80F587F1E9041D100B00EA2 /* Release */ = {
			isa = XCBuildConfiguration;
			buildSettings = {
				ASSETCATALOG_COMPILER_APPICON_NAME = AppIcon;
				DEVELOPMENT_TEAM = 4U642UQEDA;
				INFOPLIST_FILE = HertzChauffeur/Info.plist;
				LD_RUNPATH_SEARCH_PATHS = "$(inherited) @executable_path/Frameworks";
				LIBRARY_SEARCH_PATHS = (
					"$(inherited)",
					"$(PROJECT_DIR)/xively-mobile-sdk-ios/XivelySDKiOS/build",
				);
				PRODUCT_BUNDLE_IDENTIFIER = com.yamnel.HertzChauffeur;
				PRODUCT_NAME = "$(TARGET_NAME)";
				PROVISIONING_PROFILE_SPECIFIER = "";
				SWIFT_OBJC_BRIDGING_HEADER = "HertzChauffeur/HertzChauffeur-Bridging-Header.h";
				SWIFT_VERSION = 3.0;
			};
			name = Release;
		};
/* End XCBuildConfiguration section */

/* Begin XCConfigurationList section */
		F80F58661E9041D100B00EA2 /* Build configuration list for PBXProject "HertzChauffeur" */ = {
			isa = XCConfigurationList;
			buildConfigurations = (
				F80F587B1E9041D100B00EA2 /* Debug */,
				F80F587C1E9041D100B00EA2 /* Release */,
			);
			defaultConfigurationIsVisible = 0;
			defaultConfigurationName = Release;
		};
		F80F587D1E9041D100B00EA2 /* Build configuration list for PBXNativeTarget "HertzChauffeur" */ = {
			isa = XCConfigurationList;
			buildConfigurations = (
				F80F587E1E9041D100B00EA2 /* Debug */,
				F80F587F1E9041D100B00EA2 /* Release */,
			);
			defaultConfigurationIsVisible = 0;
			defaultConfigurationName = Release;
		};
/* End XCConfigurationList section */
	};
	rootObject = F80F58631E9041D100B00EA2 /* Project object */;
}
