// !$*UTF8*$!
{
	archiveVersion = 1;
	classes = {
	};
	objectVersion = 46;
	objects = {

/* Begin PBXBuildFile section */
		72AB24EB1E9051250067C93F /* XiveleyConnect.m in Sources */ = {isa = PBXBuildFile; fileRef = 72AB24EA1E9051250067C93F /* XiveleyConnect.m */; };
		F80E776F1E90BD9A00A2395A /* ThriftyLogo.png in Resources */ = {isa = PBXBuildFile; fileRef = F80E776E1E90BD9A00A2395A /* ThriftyLogo.png */; };
		F80E77721E90C34900A2395A /* dollarwide.png in Resources */ = {isa = PBXBuildFile; fileRef = F80E77701E90C34900A2395A /* dollarwide.png */; };
		F80E77731E90C34900A2395A /* watsonicon.png in Resources */ = {isa = PBXBuildFile; fileRef = F80E77711E90C34900A2395A /* watsonicon.png */; };
		F80F586F1E9041D100B00EA2 /* AppDelegate.swift in Sources */ = {isa = PBXBuildFile; fileRef = F80F586E1E9041D100B00EA2 /* AppDelegate.swift */; };
		F80F58711E9041D100B00EA2 /* ViewController.swift in Sources */ = {isa = PBXBuildFile; fileRef = F80F58701E9041D100B00EA2 /* ViewController.swift */; };
		F80F58741E9041D100B00EA2 /* Main.storyboard in Resources */ = {isa = PBXBuildFile; fileRef = F80F58721E9041D100B00EA2 /* Main.storyboard */; };
		F80F58761E9041D100B00EA2 /* Assets.xcassets in Resources */ = {isa = PBXBuildFile; fileRef = F80F58751E9041D100B00EA2 /* Assets.xcassets */; };
		F80F58791E9041D100B00EA2 /* LaunchScreen.storyboard in Resources */ = {isa = PBXBuildFile; fileRef = F80F58771E9041D100B00EA2 /* LaunchScreen.storyboard */; };
		F8263BB81E9068E700B2281D /* logo_hertz_app.png in Resources */ = {isa = PBXBuildFile; fileRef = F8263BB71E9068E700B2281D /* logo_hertz_app.png */; };
		F872E4BD1E90905800C8D8D6 /* XivelySDK.framework in Frameworks */ = {isa = PBXBuildFile; fileRef = F872E4A81E90905800C8D8D6 /* XivelySDK.framework */; };
		F872E4BE1E90907800C8D8D6 /* AlchemyDataNewsV1.framework in Frameworks */ = {isa = PBXBuildFile; fileRef = F872E4941E90905800C8D8D6 /* AlchemyDataNewsV1.framework */; };
		F872E4BF1E90907800C8D8D6 /* AlchemyDataNewsV1.framework in Embed Frameworks */ = {isa = PBXBuildFile; fileRef = F872E4941E90905800C8D8D6 /* AlchemyDataNewsV1.framework */; settings = {ATTRIBUTES = (CodeSignOnCopy, RemoveHeadersOnCopy, ); }; };
		F872E4C01E90907800C8D8D6 /* AlchemyLanguageV1.framework in Frameworks */ = {isa = PBXBuildFile; fileRef = F872E4951E90905800C8D8D6 /* AlchemyLanguageV1.framework */; };
		F872E4C11E90907800C8D8D6 /* AlchemyLanguageV1.framework in Embed Frameworks */ = {isa = PBXBuildFile; fileRef = F872E4951E90905800C8D8D6 /* AlchemyLanguageV1.framework */; settings = {ATTRIBUTES = (CodeSignOnCopy, RemoveHeadersOnCopy, ); }; };
		F872E4C21E90907800C8D8D6 /* AlchemyVisionV1.framework in Frameworks */ = {isa = PBXBuildFile; fileRef = F872E4961E90905800C8D8D6 /* AlchemyVisionV1.framework */; };
		F872E4C31E90907800C8D8D6 /* AlchemyVisionV1.framework in Embed Frameworks */ = {isa = PBXBuildFile; fileRef = F872E4961E90905800C8D8D6 /* AlchemyVisionV1.framework */; settings = {ATTRIBUTES = (CodeSignOnCopy, RemoveHeadersOnCopy, ); }; };
		F872E4C41E90907800C8D8D6 /* ConversationV1.framework in Frameworks */ = {isa = PBXBuildFile; fileRef = F872E4971E90905800C8D8D6 /* ConversationV1.framework */; };
		F872E4C51E90907800C8D8D6 /* ConversationV1.framework in Embed Frameworks */ = {isa = PBXBuildFile; fileRef = F872E4971E90905800C8D8D6 /* ConversationV1.framework */; settings = {ATTRIBUTES = (CodeSignOnCopy, RemoveHeadersOnCopy, ); }; };
		F872E4C61E90907800C8D8D6 /* DialogV1.framework in Frameworks */ = {isa = PBXBuildFile; fileRef = F872E4981E90905800C8D8D6 /* DialogV1.framework */; };
		F872E4C71E90907800C8D8D6 /* DialogV1.framework in Embed Frameworks */ = {isa = PBXBuildFile; fileRef = F872E4981E90905800C8D8D6 /* DialogV1.framework */; settings = {ATTRIBUTES = (CodeSignOnCopy, RemoveHeadersOnCopy, ); }; };
		F872E4C81E90907800C8D8D6 /* DiscoveryV1.framework in Frameworks */ = {isa = PBXBuildFile; fileRef = F872E4991E90905800C8D8D6 /* DiscoveryV1.framework */; };
		F872E4C91E90907800C8D8D6 /* DiscoveryV1.framework in Embed Frameworks */ = {isa = PBXBuildFile; fileRef = F872E4991E90905800C8D8D6 /* DiscoveryV1.framework */; settings = {ATTRIBUTES = (CodeSignOnCopy, RemoveHeadersOnCopy, ); }; };
		F872E4CA1E90907800C8D8D6 /* DocumentConversionV1.framework in Frameworks */ = {isa = PBXBuildFile; fileRef = F872E49A1E90905800C8D8D6 /* DocumentConversionV1.framework */; };
		F872E4CB1E90907800C8D8D6 /* DocumentConversionV1.framework in Embed Frameworks */ = {isa = PBXBuildFile; fileRef = F872E49A1E90905800C8D8D6 /* DocumentConversionV1.framework */; settings = {ATTRIBUTES = (CodeSignOnCopy, RemoveHeadersOnCopy, ); }; };
		F872E4CC1E90907800C8D8D6 /* LanguageTranslatorV2.framework in Frameworks */ = {isa = PBXBuildFile; fileRef = F872E49B1E90905800C8D8D6 /* LanguageTranslatorV2.framework */; };
		F872E4CD1E90907800C8D8D6 /* LanguageTranslatorV2.framework in Embed Frameworks */ = {isa = PBXBuildFile; fileRef = F872E49B1E90905800C8D8D6 /* LanguageTranslatorV2.framework */; settings = {ATTRIBUTES = (CodeSignOnCopy, RemoveHeadersOnCopy, ); }; };
		F872E4CE1E90907800C8D8D6 /* NaturalLanguageClassifierV1.framework in Frameworks */ = {isa = PBXBuildFile; fileRef = F872E49C1E90905800C8D8D6 /* NaturalLanguageClassifierV1.framework */; };
		F872E4CF1E90907800C8D8D6 /* NaturalLanguageClassifierV1.framework in Embed Frameworks */ = {isa = PBXBuildFile; fileRef = F872E49C1E90905800C8D8D6 /* NaturalLanguageClassifierV1.framework */; settings = {ATTRIBUTES = (CodeSignOnCopy, RemoveHeadersOnCopy, ); }; };
		F872E4D01E90907800C8D8D6 /* NaturalLanguageUnderstandingV1.framework in Frameworks */ = {isa = PBXBuildFile; fileRef = F872E49D1E90905800C8D8D6 /* NaturalLanguageUnderstandingV1.framework */; };
		F872E4D11E90907800C8D8D6 /* NaturalLanguageUnderstandingV1.framework in Embed Frameworks */ = {isa = PBXBuildFile; fileRef = F872E49D1E90905800C8D8D6 /* NaturalLanguageUnderstandingV1.framework */; settings = {ATTRIBUTES = (CodeSignOnCopy, RemoveHeadersOnCopy, ); }; };
		F872E4D21E90907800C8D8D6 /* PersonalityInsightsV2.framework in Frameworks */ = {isa = PBXBuildFile; fileRef = F872E49E1E90905800C8D8D6 /* PersonalityInsightsV2.framework */; };
		F872E4D31E90907800C8D8D6 /* PersonalityInsightsV2.framework in Embed Frameworks */ = {isa = PBXBuildFile; fileRef = F872E49E1E90905800C8D8D6 /* PersonalityInsightsV2.framework */; settings = {ATTRIBUTES = (CodeSignOnCopy, RemoveHeadersOnCopy, ); }; };
		F872E4D41E90907800C8D8D6 /* PersonalityInsightsV3.framework in Frameworks */ = {isa = PBXBuildFile; fileRef = F872E49F1E90905800C8D8D6 /* PersonalityInsightsV3.framework */; };
		F872E4D51E90907800C8D8D6 /* PersonalityInsightsV3.framework in Embed Frameworks */ = {isa = PBXBuildFile; fileRef = F872E49F1E90905800C8D8D6 /* PersonalityInsightsV3.framework */; settings = {ATTRIBUTES = (CodeSignOnCopy, RemoveHeadersOnCopy, ); }; };
		F872E4D61E90907800C8D8D6 /* RelationshipExtractionV1Beta.framework in Frameworks */ = {isa = PBXBuildFile; fileRef = F872E4A01E90905800C8D8D6 /* RelationshipExtractionV1Beta.framework */; };
		F872E4D71E90907800C8D8D6 /* RelationshipExtractionV1Beta.framework in Embed Frameworks */ = {isa = PBXBuildFile; fileRef = F872E4A01E90905800C8D8D6 /* RelationshipExtractionV1Beta.framework */; settings = {ATTRIBUTES = (CodeSignOnCopy, RemoveHeadersOnCopy, ); }; };
		F872E4D81E90907800C8D8D6 /* RestKit.framework in Frameworks */ = {isa = PBXBuildFile; fileRef = F872E4A11E90905800C8D8D6 /* RestKit.framework */; };
		F872E4D91E90907800C8D8D6 /* RestKit.framework in Embed Frameworks */ = {isa = PBXBuildFile; fileRef = F872E4A11E90905800C8D8D6 /* RestKit.framework */; settings = {ATTRIBUTES = (CodeSignOnCopy, RemoveHeadersOnCopy, ); }; };
		F872E4DA1E90907800C8D8D6 /* RetrieveAndRankV1.framework in Frameworks */ = {isa = PBXBuildFile; fileRef = F872E4A21E90905800C8D8D6 /* RetrieveAndRankV1.framework */; };
		F872E4DB1E90907800C8D8D6 /* RetrieveAndRankV1.framework in Embed Frameworks */ = {isa = PBXBuildFile; fileRef = F872E4A21E90905800C8D8D6 /* RetrieveAndRankV1.framework */; settings = {ATTRIBUTES = (CodeSignOnCopy, RemoveHeadersOnCopy, ); }; };
		F872E4DC1E90907800C8D8D6 /* SpeechToTextV1.framework in Frameworks */ = {isa = PBXBuildFile; fileRef = F872E4A31E90905800C8D8D6 /* SpeechToTextV1.framework */; };
		F872E4DD1E90907800C8D8D6 /* SpeechToTextV1.framework in Embed Frameworks */ = {isa = PBXBuildFile; fileRef = F872E4A31E90905800C8D8D6 /* SpeechToTextV1.framework */; settings = {ATTRIBUTES = (CodeSignOnCopy, RemoveHeadersOnCopy, ); }; };
		F872E4DE1E90907800C8D8D6 /* TextToSpeechV1.framework in Frameworks */ = {isa = PBXBuildFile; fileRef = F872E4A41E90905800C8D8D6 /* TextToSpeechV1.framework */; };
		F872E4DF1E90907800C8D8D6 /* TextToSpeechV1.framework in Embed Frameworks */ = {isa = PBXBuildFile; fileRef = F872E4A41E90905800C8D8D6 /* TextToSpeechV1.framework */; settings = {ATTRIBUTES = (CodeSignOnCopy, RemoveHeadersOnCopy, ); }; };
		F872E4E01E90907800C8D8D6 /* ToneAnalyzerV3.framework in Frameworks */ = {isa = PBXBuildFile; fileRef = F872E4A51E90905800C8D8D6 /* ToneAnalyzerV3.framework */; };
		F872E4E11E90907800C8D8D6 /* ToneAnalyzerV3.framework in Embed Frameworks */ = {isa = PBXBuildFile; fileRef = F872E4A51E90905800C8D8D6 /* ToneAnalyzerV3.framework */; settings = {ATTRIBUTES = (CodeSignOnCopy, RemoveHeadersOnCopy, ); }; };
		F872E4E21E90907800C8D8D6 /* TradeoffAnalyticsV1.framework in Frameworks */ = {isa = PBXBuildFile; fileRef = F872E4A61E90905800C8D8D6 /* TradeoffAnalyticsV1.framework */; };
		F872E4E31E90907800C8D8D6 /* TradeoffAnalyticsV1.framework in Embed Frameworks */ = {isa = PBXBuildFile; fileRef = F872E4A61E90905800C8D8D6 /* TradeoffAnalyticsV1.framework */; settings = {ATTRIBUTES = (CodeSignOnCopy, RemoveHeadersOnCopy, ); }; };
		F872E4E41E90907800C8D8D6 /* VisualRecognitionV3.framework in Frameworks */ = {isa = PBXBuildFile; fileRef = F872E4A71E90905800C8D8D6 /* VisualRecognitionV3.framework */; };
		F872E4E51E90907800C8D8D6 /* VisualRecognitionV3.framework in Embed Frameworks */ = {isa = PBXBuildFile; fileRef = F872E4A71E90905800C8D8D6 /* VisualRecognitionV3.framework */; settings = {ATTRIBUTES = (CodeSignOnCopy, RemoveHeadersOnCopy, ); }; };
/* End PBXBuildFile section */

/* Begin PBXCopyFilesBuildPhase section */
		F82323871E9080DE004FA8DC /* Embed Frameworks */ = {
			isa = PBXCopyFilesBuildPhase;
			buildActionMask = 2147483647;
			dstPath = "";
			dstSubfolderSpec = 10;
			files = (
				F872E4DF1E90907800C8D8D6 /* TextToSpeechV1.framework in Embed Frameworks */,
				F872E4CD1E90907800C8D8D6 /* LanguageTranslatorV2.framework in Embed Frameworks */,
				F872E4C31E90907800C8D8D6 /* AlchemyVisionV1.framework in Embed Frameworks */,
				F872E4E11E90907800C8D8D6 /* ToneAnalyzerV3.framework in Embed Frameworks */,
				F872E4D71E90907800C8D8D6 /* RelationshipExtractionV1Beta.framework in Embed Frameworks */,
				F872E4BF1E90907800C8D8D6 /* AlchemyDataNewsV1.framework in Embed Frameworks */,
				F872E4C71E90907800C8D8D6 /* DialogV1.framework in Embed Frameworks */,
				F872E4C51E90907800C8D8D6 /* ConversationV1.framework in Embed Frameworks */,
				F872E4DB1E90907800C8D8D6 /* RetrieveAndRankV1.framework in Embed Frameworks */,
				F872E4E31E90907800C8D8D6 /* TradeoffAnalyticsV1.framework in Embed Frameworks */,
				F872E4CB1E90907800C8D8D6 /* DocumentConversionV1.framework in Embed Frameworks */,
				F872E4E51E90907800C8D8D6 /* VisualRecognitionV3.framework in Embed Frameworks */,
				F872E4D11E90907800C8D8D6 /* NaturalLanguageUnderstandingV1.framework in Embed Frameworks */,
				F872E4D31E90907800C8D8D6 /* PersonalityInsightsV2.framework in Embed Frameworks */,
				F872E4D91E90907800C8D8D6 /* RestKit.framework in Embed Frameworks */,
				F872E4DD1E90907800C8D8D6 /* SpeechToTextV1.framework in Embed Frameworks */,
				F872E4C91E90907800C8D8D6 /* DiscoveryV1.framework in Embed Frameworks */,
				F872E4C11E90907800C8D8D6 /* AlchemyLanguageV1.framework in Embed Frameworks */,
				F872E4CF1E90907800C8D8D6 /* NaturalLanguageClassifierV1.framework in Embed Frameworks */,
				F872E4D51E90907800C8D8D6 /* PersonalityInsightsV3.framework in Embed Frameworks */,
			);
			name = "Embed Frameworks";
			runOnlyForDeploymentPostprocessing = 0;
		};
/* End PBXCopyFilesBuildPhase section */

/* Begin PBXFileReference section */
		72AB24EA1E9051250067C93F /* XiveleyConnect.m */ = {isa = PBXFileReference; fileEncoding = 4; lastKnownFileType = sourcecode.c.objc; path = XiveleyConnect.m; sourceTree = "<group>"; };
		F80E776E1E90BD9A00A2395A /* ThriftyLogo.png */ = {isa = PBXFileReference; lastKnownFileType = image.png; path = ThriftyLogo.png; sourceTree = "<group>"; };
		F80E77701E90C34900A2395A /* dollarwide.png */ = {isa = PBXFileReference; lastKnownFileType = image.png; path = dollarwide.png; sourceTree = "<group>"; };
		F80E77711E90C34900A2395A /* watsonicon.png */ = {isa = PBXFileReference; lastKnownFileType = image.png; path = watsonicon.png; sourceTree = "<group>"; };
		F80F586B1E9041D100B00EA2 /* HertzChauffeur.app */ = {isa = PBXFileReference; explicitFileType = wrapper.application; includeInIndex = 0; path = HertzChauffeur.app; sourceTree = BUILT_PRODUCTS_DIR; };
		F80F586E1E9041D100B00EA2 /* AppDelegate.swift */ = {isa = PBXFileReference; lastKnownFileType = sourcecode.swift; path = AppDelegate.swift; sourceTree = "<group>"; };
		F80F58701E9041D100B00EA2 /* ViewController.swift */ = {isa = PBXFileReference; lastKnownFileType = sourcecode.swift; path = ViewController.swift; sourceTree = "<group>"; };
		F80F58731E9041D100B00EA2 /* Base */ = {isa = PBXFileReference; lastKnownFileType = file.storyboard; name = Base; path = Base.lproj/Main.storyboard; sourceTree = "<group>"; };
		F80F58751E9041D100B00EA2 /* Assets.xcassets */ = {isa = PBXFileReference; lastKnownFileType = folder.assetcatalog; path = Assets.xcassets; sourceTree = "<group>"; };
		F80F58781E9041D100B00EA2 /* Base */ = {isa = PBXFileReference; lastKnownFileType = file.storyboard; name = Base; path = Base.lproj/LaunchScreen.storyboard; sourceTree = "<group>"; };
		F80F587A1E9041D100B00EA2 /* Info.plist */ = {isa = PBXFileReference; lastKnownFileType = text.plist.xml; path = Info.plist; sourceTree = "<group>"; };
		F8263BB71E9068E700B2281D /* logo_hertz_app.png */ = {isa = PBXFileReference; lastKnownFileType = image.png; path = logo_hertz_app.png; sourceTree = "<group>"; };
		F872E4941E90905800C8D8D6 /* AlchemyDataNewsV1.framework */ = {isa = PBXFileReference; lastKnownFileType = wrapper.framework; name = AlchemyDataNewsV1.framework; path = frmws/AlchemyDataNewsV1.framework; sourceTree = "<group>"; };
		F872E4951E90905800C8D8D6 /* AlchemyLanguageV1.framework */ = {isa = PBXFileReference; lastKnownFileType = wrapper.framework; name = AlchemyLanguageV1.framework; path = frmws/AlchemyLanguageV1.framework; sourceTree = "<group>"; };
		F872E4961E90905800C8D8D6 /* AlchemyVisionV1.framework */ = {isa = PBXFileReference; lastKnownFileType = wrapper.framework; name = AlchemyVisionV1.framework; path = frmws/AlchemyVisionV1.framework; sourceTree = "<group>"; };
		F872E4971E90905800C8D8D6 /* ConversationV1.framework */ = {isa = PBXFileReference; lastKnownFileType = wrapper.framework; name = ConversationV1.framework; path = frmws/ConversationV1.framework; sourceTree = "<group>"; };
		F872E4981E90905800C8D8D6 /* DialogV1.framework */ = {isa = PBXFileReference; lastKnownFileType = wrapper.framework; name = DialogV1.framework; path = frmws/DialogV1.framework; sourceTree = "<group>"; };
		F872E4991E90905800C8D8D6 /* DiscoveryV1.framework */ = {isa = PBXFileReference; lastKnownFileType = wrapper.framework; name = DiscoveryV1.framework; path = frmws/DiscoveryV1.framework; sourceTree = "<group>"; };
		F872E49A1E90905800C8D8D6 /* DocumentConversionV1.framework */ = {isa = PBXFileReference; lastKnownFileType = wrapper.framework; name = DocumentConversionV1.framework; path = frmws/DocumentConversionV1.framework; sourceTree = "<group>"; };
		F872E49B1E90905800C8D8D6 /* LanguageTranslatorV2.framework */ = {isa = PBXFileReference; lastKnownFileType = wrapper.framework; name = LanguageTranslatorV2.framework; path = frmws/LanguageTranslatorV2.framework; sourceTree = "<group>"; };
		F872E49C1E90905800C8D8D6 /* NaturalLanguageClassifierV1.framework */ = {isa = PBXFileReference; lastKnownFileType = wrapper.framework; name = NaturalLanguageClassifierV1.framework; path = frmws/NaturalLanguageClassifierV1.framework; sourceTree = "<group>"; };
		F872E49D1E90905800C8D8D6 /* NaturalLanguageUnderstandingV1.framework */ = {isa = PBXFileReference; lastKnownFileType = wrapper.framework; name = NaturalLanguageUnderstandingV1.framework; path = frmws/NaturalLanguageUnderstandingV1.framework; sourceTree = "<group>"; };
		F872E49E1E90905800C8D8D6 /* PersonalityInsightsV2.framework */ = {isa = PBXFileReference; lastKnownFileType = wrapper.framework; name = PersonalityInsightsV2.framework; path = frmws/PersonalityInsightsV2.framework; sourceTree = "<group>"; };
		F872E49F1E90905800C8D8D6 /* PersonalityInsightsV3.framework */ = {isa = PBXFileReference; lastKnownFileType = wrapper.framework; name = PersonalityInsightsV3.framework; path = frmws/PersonalityInsightsV3.framework; sourceTree = "<group>"; };
		F872E4A01E90905800C8D8D6 /* RelationshipExtractionV1Beta.framework */ = {isa = PBXFileReference; lastKnownFileType = wrapper.framework; name = RelationshipExtractionV1Beta.framework; path = frmws/RelationshipExtractionV1Beta.framework; sourceTree = "<group>"; };
		F872E4A11E90905800C8D8D6 /* RestKit.framework */ = {isa = PBXFileReference; lastKnownFileType = wrapper.framework; name = RestKit.framework; path = frmws/RestKit.framework; sourceTree = "<group>"; };
		F872E4A21E90905800C8D8D6 /* RetrieveAndRankV1.framework */ = {isa = PBXFileReference; lastKnownFileType = wrapper.framework; name = RetrieveAndRankV1.framework; path = frmws/RetrieveAndRankV1.framework; sourceTree = "<group>"; };
		F872E4A31E90905800C8D8D6 /* SpeechToTextV1.framework */ = {isa = PBXFileReference; lastKnownFileType = wrapper.framework; name = SpeechToTextV1.framework; path = frmws/SpeechToTextV1.framework; sourceTree = "<group>"; };
		F872E4A41E90905800C8D8D6 /* TextToSpeechV1.framework */ = {isa = PBXFileReference; lastKnownFileType = wrapper.framework; name = TextToSpeechV1.framework; path = frmws/TextToSpeechV1.framework; sourceTree = "<group>"; };
		F872E4A51E90905800C8D8D6 /* ToneAnalyzerV3.framework */ = {isa = PBXFileReference; lastKnownFileType = wrapper.framework; name = ToneAnalyzerV3.framework; path = frmws/ToneAnalyzerV3.framework; sourceTree = "<group>"; };
		F872E4A61E90905800C8D8D6 /* TradeoffAnalyticsV1.framework */ = {isa = PBXFileReference; lastKnownFileType = wrapper.framework; name = TradeoffAnalyticsV1.framework; path = frmws/TradeoffAnalyticsV1.framework; sourceTree = "<group>"; };
		F872E4A71E90905800C8D8D6 /* VisualRecognitionV3.framework */ = {isa = PBXFileReference; lastKnownFileType = wrapper.framework; name = VisualRecognitionV3.framework; path = frmws/VisualRecognitionV3.framework; sourceTree = "<group>"; };
		F872E4A81E90905800C8D8D6 /* XivelySDK.framework */ = {isa = PBXFileReference; lastKnownFileType = wrapper.framework; name = XivelySDK.framework; path = frmws/XivelySDK.framework; sourceTree = "<group>"; };
/* End PBXFileReference section */

/* Begin PBXFrameworksBuildPhase section */
		F80F58681E9041D100B00EA2 /* Frameworks */ = {
			isa = PBXFrameworksBuildPhase;
			buildActionMask = 2147483647;
			files = (
				F872E4BE1E90907800C8D8D6 /* AlchemyDataNewsV1.framework in Frameworks */,
				F872E4E41E90907800C8D8D6 /* VisualRecognitionV3.framework in Frameworks */,
				F872E4E01E90907800C8D8D6 /* ToneAnalyzerV3.framework in Frameworks */,
				F872E4C61E90907800C8D8D6 /* DialogV1.framework in Frameworks */,
				F872E4BD1E90905800C8D8D6 /* XivelySDK.framework in Frameworks */,
				F872E4DA1E90907800C8D8D6 /* RetrieveAndRankV1.framework in Frameworks */,
				F872E4C01E90907800C8D8D6 /* AlchemyLanguageV1.framework in Frameworks */,
				F872E4C21E90907800C8D8D6 /* AlchemyVisionV1.framework in Frameworks */,
				F872E4E21E90907800C8D8D6 /* TradeoffAnalyticsV1.framework in Frameworks */,
				F872E4C41E90907800C8D8D6 /* ConversationV1.framework in Frameworks */,
				F872E4CE1E90907800C8D8D6 /* NaturalLanguageClassifierV1.framework in Frameworks */,
				F872E4D01E90907800C8D8D6 /* NaturalLanguageUnderstandingV1.framework in Frameworks */,
				F872E4CA1E90907800C8D8D6 /* DocumentConversionV1.framework in Frameworks */,
				F872E4DC1E90907800C8D8D6 /* SpeechToTextV1.framework in Frameworks */,
				F872E4D41E90907800C8D8D6 /* PersonalityInsightsV3.framework in Frameworks */,
				F872E4D61E90907800C8D8D6 /* RelationshipExtractionV1Beta.framework in Frameworks */,
				F872E4D81E90907800C8D8D6 /* RestKit.framework in Frameworks */,
				F872E4CC1E90907800C8D8D6 /* LanguageTranslatorV2.framework in Frameworks */,
				F872E4DE1E90907800C8D8D6 /* TextToSpeechV1.framework in Frameworks */,
				F872E4D21E90907800C8D8D6 /* PersonalityInsightsV2.framework in Frameworks */,
				F872E4C81E90907800C8D8D6 /* DiscoveryV1.framework in Frameworks */,
			);
			runOnlyForDeploymentPostprocessing = 0;
		};
/* End PBXFrameworksBuildPhase section */

/* Begin PBXGroup section */
		722888B31E90479D00C23F4E /* Frameworks */ = {
			isa = PBXGroup;
			children = (
				F872E4941E90905800C8D8D6 /* AlchemyDataNewsV1.framework */,
				F872E4951E90905800C8D8D6 /* AlchemyLanguageV1.framework */,
				F872E4961E90905800C8D8D6 /* AlchemyVisionV1.framework */,
				F872E4971E90905800C8D8D6 /* ConversationV1.framework */,
				F872E4981E90905800C8D8D6 /* DialogV1.framework */,
				F872E4991E90905800C8D8D6 /* DiscoveryV1.framework */,
				F872E49A1E90905800C8D8D6 /* DocumentConversionV1.framework */,
				F872E49B1E90905800C8D8D6 /* LanguageTranslatorV2.framework */,
				F872E49C1E90905800C8D8D6 /* NaturalLanguageClassifierV1.framework */,
				F872E49D1E90905800C8D8D6 /* NaturalLanguageUnderstandingV1.framework */,
				F872E49E1E90905800C8D8D6 /* PersonalityInsightsV2.framework */,
				F872E49F1E90905800C8D8D6 /* PersonalityInsightsV3.framework */,
				F872E4A01E90905800C8D8D6 /* RelationshipExtractionV1Beta.framework */,
				F872E4A11E90905800C8D8D6 /* RestKit.framework */,
				F872E4A21E90905800C8D8D6 /* RetrieveAndRankV1.framework */,
				F872E4A31E90905800C8D8D6 /* SpeechToTextV1.framework */,
				F872E4A41E90905800C8D8D6 /* TextToSpeechV1.framework */,
				F872E4A51E90905800C8D8D6 /* ToneAnalyzerV3.framework */,
				F872E4A61E90905800C8D8D6 /* TradeoffAnalyticsV1.framework */,
				F872E4A71E90905800C8D8D6 /* VisualRecognitionV3.framework */,
				F872E4A81E90905800C8D8D6 /* XivelySDK.framework */,
			);
			name = Frameworks;
			sourceTree = "<group>";
		};
		F80F58621E9041D100B00EA2 = {
			isa = PBXGroup;
			children = (
				F80F586D1E9041D100B00EA2 /* HertzChauffeur */,
				F80F586C1E9041D100B00EA2 /* Products */,
				722888B31E90479D00C23F4E /* Frameworks */,
			);
			sourceTree = "<group>";
		};
		F80F586C1E9041D100B00EA2 /* Products */ = {
			isa = PBXGroup;
			children = (
				F80F586B1E9041D100B00EA2 /* HertzChauffeur.app */,
			);
			name = Products;
			sourceTree = "<group>";
		};
		F80F586D1E9041D100B00EA2 /* HertzChauffeur */ = {
			isa = PBXGroup;
			children = (
				F80F586E1E9041D100B00EA2 /* AppDelegate.swift */,
				F80F58701E9041D100B00EA2 /* ViewController.swift */,
				F80F58721E9041D100B00EA2 /* Main.storyboard */,
				F80F58751E9041D100B00EA2 /* Assets.xcassets */,
				F80F58771E9041D100B00EA2 /* LaunchScreen.storyboard */,
				F80F587A1E9041D100B00EA2 /* Info.plist */,
				F8263BB71E9068E700B2281D /* logo_hertz_app.png */,
				F80E77701E90C34900A2395A /* dollarwide.png */,
				F80E77711E90C34900A2395A /* watsonicon.png */,
				F80E776E1E90BD9A00A2395A /* ThriftyLogo.png */,
			);
			path = HertzChauffeur;
			sourceTree = "<group>";
		};
/* End PBXGroup section */

/* Begin PBXNativeTarget section */
		F80F586A1E9041D100B00EA2 /* HertzChauffeur */ = {
			isa = PBXNativeTarget;
			buildConfigurationList = F80F587D1E9041D100B00EA2 /* Build configuration list for PBXNativeTarget "HertzChauffeur" */;
			buildPhases = (
				F80F58671E9041D100B00EA2 /* Sources */,
				F80F58681E9041D100B00EA2 /* Frameworks */,
				F80F58691E9041D100B00EA2 /* Resources */,
				F82323871E9080DE004FA8DC /* Embed Frameworks */,
			);
			buildRules = (
			);
			dependencies = (
			);
			name = HertzChauffeur;
			productName = HertzChauffeur;
			productReference = F80F586B1E9041D100B00EA2 /* HertzChauffeur.app */;
			productType = "com.apple.product-type.application";
		};
/* End PBXNativeTarget section */

/* Begin PBXProject section */
		F80F58631E9041D100B00EA2 /* Project object */ = {
			isa = PBXProject;
			attributes = {
				LastSwiftUpdateCheck = 0820;
				LastUpgradeCheck = 0820;
				ORGANIZATIONNAME = Yamnel;
				TargetAttributes = {
					F80F586A1E9041D100B00EA2 = {
						CreatedOnToolsVersion = 8.2.1;
						DevelopmentTeam = 4U642UQEDA;
						ProvisioningStyle = Automatic;
					};
				};
			};
			buildConfigurationList = F80F58661E9041D100B00EA2 /* Build configuration list for PBXProject "HertzChauffeur" */;
			compatibilityVersion = "Xcode 3.2";
			developmentRegion = English;
			hasScannedForEncodings = 0;
			knownRegions = (
				en,
				Base,
			);
			mainGroup = F80F58621E9041D100B00EA2;
			productRefGroup = F80F586C1E9041D100B00EA2 /* Products */;
			projectDirPath = "";
			projectRoot = "";
			targets = (
				F80F586A1E9041D100B00EA2 /* HertzChauffeur */,
			);
		};
/* End PBXProject section */

/* Begin PBXResourcesBuildPhase section */
		F80F58691E9041D100B00EA2 /* Resources */ = {
			isa = PBXResourcesBuildPhase;
			buildActionMask = 2147483647;
			files = (
				F80E77721E90C34900A2395A /* dollarwide.png in Resources */,
				F80F58791E9041D100B00EA2 /* LaunchScreen.storyboard in Resources */,
				F80E776F1E90BD9A00A2395A /* ThriftyLogo.png in Resources */,
				F80E77731E90C34900A2395A /* watsonicon.png in Resources */,
				F80F58761E9041D100B00EA2 /* Assets.xcassets in Resources */,
				F8263BB81E9068E700B2281D /* logo_hertz_app.png in Resources */,
				F80F58741E9041D100B00EA2 /* Main.storyboard in Resources */,
			);
			runOnlyForDeploymentPostprocessing = 0;
		};
/* End PBXResourcesBuildPhase section */

/* Begin PBXSourcesBuildPhase section */
		F80F58671E9041D100B00EA2 /* Sources */ = {
			isa = PBXSourcesBuildPhase;
			buildActionMask = 2147483647;
			files = (
				F80F58711E9041D100B00EA2 /* ViewController.swift in Sources */,
				F80F586F1E9041D100B00EA2 /* AppDelegate.swift in Sources */,
				72AB24EB1E9051250067C93F /* XiveleyConnect.m in Sources */,
			);
			runOnlyForDeploymentPostprocessing = 0;
		};
/* End PBXSourcesBuildPhase section */

/* Begin PBXVariantGroup section */
		F80F58721E9041D100B00EA2 /* Main.storyboard */ = {
			isa = PBXVariantGroup;
			children = (
				F80F58731E9041D100B00EA2 /* Base */,
			);
			name = Main.storyboard;
			sourceTree = "<group>";
		};
		F80F58771E9041D100B00EA2 /* LaunchScreen.storyboard */ = {
			isa = PBXVariantGroup;
			children = (
				F80F58781E9041D100B00EA2 /* Base */,
			);
			name = LaunchScreen.storyboard;
			sourceTree = "<group>";
		};
/* End PBXVariantGroup section */

/* Begin XCBuildConfiguration section */
		F80F587B1E9041D100B00EA2 /* Debug */ = {
			isa = XCBuildConfiguration;
			buildSettings = {
				ALWAYS_SEARCH_USER_PATHS = NO;
				CLANG_ANALYZER_NONNULL = YES;
				CLANG_CXX_LANGUAGE_STANDARD = "gnu++0x";
				CLANG_CXX_LIBRARY = "libc++";
				CLANG_ENABLE_MODULES = YES;
				CLANG_ENABLE_OBJC_ARC = YES;
				CLANG_WARN_BOOL_CONVERSION = YES;
				CLANG_WARN_CONSTANT_CONVERSION = YES;
				CLANG_WARN_DIRECT_OBJC_ISA_USAGE = YES_ERROR;
				CLANG_WARN_DOCUMENTATION_COMMENTS = YES;
				CLANG_WARN_EMPTY_BODY = YES;
				CLANG_WARN_ENUM_CONVERSION = YES;
				CLANG_WARN_INFINITE_RECURSION = YES;
				CLANG_WARN_INT_CONVERSION = YES;
				CLANG_WARN_OBJC_ROOT_CLASS = YES_ERROR;
				CLANG_WARN_SUSPICIOUS_MOVE = YES;
				CLANG_WARN_UNREACHABLE_CODE = YES;
				CLANG_WARN__DUPLICATE_METHOD_MATCH = YES;
				"CODE_SIGN_IDENTITY[sdk=iphoneos*]" = "iPhone Developer";
				COPY_PHASE_STRIP = NO;
				DEBUG_INFORMATION_FORMAT = dwarf;
				ENABLE_STRICT_OBJC_MSGSEND = YES;
				ENABLE_TESTABILITY = YES;
				GCC_C_LANGUAGE_STANDARD = gnu99;
				GCC_DYNAMIC_NO_PIC = NO;
				GCC_NO_COMMON_BLOCKS = YES;
				GCC_OPTIMIZATION_LEVEL = 0;
				GCC_PREPROCESSOR_DEFINITIONS = (
					"DEBUG=1",
					"$(inherited)",
				);
				GCC_WARN_64_TO_32_BIT_CONVERSION = YES;
				GCC_WARN_ABOUT_RETURN_TYPE = YES_ERROR;
				GCC_WARN_UNDECLARED_SELECTOR = YES;
				GCC_WARN_UNINITIALIZED_AUTOS = YES_AGGRESSIVE;
				GCC_WARN_UNUSED_FUNCTION = YES;
				GCC_WARN_UNUSED_VARIABLE = YES;
				IPHONEOS_DEPLOYMENT_TARGET = 10.2;
				MTL_ENABLE_DEBUG_INFO = YES;
				ONLY_ACTIVE_ARCH = YES;
				SDKROOT = iphoneos;
				SWIFT_ACTIVE_COMPILATION_CONDITIONS = DEBUG;
				SWIFT_OPTIMIZATION_LEVEL = "-Onone";
				TARGETED_DEVICE_FAMILY = "1,2";
			};
			name = Debug;
		};
		F80F587C1E9041D100B00EA2 /* Release */ = {
			isa = XCBuildConfiguration;
			buildSettings = {
				ALWAYS_SEARCH_USER_PATHS = NO;
				CLANG_ANALYZER_NONNULL = YES;
				CLANG_CXX_LANGUAGE_STANDARD = "gnu++0x";
				CLANG_CXX_LIBRARY = "libc++";
				CLANG_ENABLE_MODULES = YES;
				CLANG_ENABLE_OBJC_ARC = YES;
				CLANG_WARN_BOOL_CONVERSION = YES;
				CLANG_WARN_CONSTANT_CONVERSION = YES;
				CLANG_WARN_DIRECT_OBJC_ISA_USAGE = YES_ERROR;
				CLANG_WARN_DOCUMENTATION_COMMENTS = YES;
				CLANG_WARN_EMPTY_BODY = YES;
				CLANG_WARN_ENUM_CONVERSION = YES;
				CLANG_WARN_INFINITE_RECURSION = YES;
				CLANG_WARN_INT_CONVERSION = YES;
				CLANG_WARN_OBJC_ROOT_CLASS = YES_ERROR;
				CLANG_WARN_SUSPICIOUS_MOVE = YES;
				CLANG_WARN_UNREACHABLE_CODE = YES;
				CLANG_WARN__DUPLICATE_METHOD_MATCH = YES;
				"CODE_SIGN_IDENTITY[sdk=iphoneos*]" = "iPhone Developer";
				COPY_PHASE_STRIP = NO;
				DEBUG_INFORMATION_FORMAT = "dwarf-with-dsym";
				ENABLE_NS_ASSERTIONS = NO;
				ENABLE_STRICT_OBJC_MSGSEND = YES;
				GCC_C_LANGUAGE_STANDARD = gnu99;
				GCC_NO_COMMON_BLOCKS = YES;
				GCC_WARN_64_TO_32_BIT_CONVERSION = YES;
				GCC_WARN_ABOUT_RETURN_TYPE = YES_ERROR;
				GCC_WARN_UNDECLARED_SELECTOR = YES;
				GCC_WARN_UNINITIALIZED_AUTOS = YES_AGGRESSIVE;
				GCC_WARN_UNUSED_FUNCTION = YES;
				GCC_WARN_UNUSED_VARIABLE = YES;
				IPHONEOS_DEPLOYMENT_TARGET = 10.2;
				MTL_ENABLE_DEBUG_INFO = NO;
				SDKROOT = iphoneos;
				SWIFT_OPTIMIZATION_LEVEL = "-Owholemodule";
				TARGETED_DEVICE_FAMILY = "1,2";
				VALIDATE_PRODUCT = YES;
			};
			name = Release;
		};
		F80F587E1E9041D100B00EA2 /* Debug */ = {
			isa = XCBuildConfiguration;
			buildSettings = {
				ASSETCATALOG_COMPILER_APPICON_NAME = AppIcon;
				DEVELOPMENT_TEAM = 4U642UQEDA;
				FRAMEWORK_SEARCH_PATHS = (
					"$(inherited)",
					"$(PROJECT_DIR)/frmws",
				);
				INFOPLIST_FILE = HertzChauffeur/Info.plist;
				LD_RUNPATH_SEARCH_PATHS = "$(inherited) @executable_path/Frameworks";
				LIBRARY_SEARCH_PATHS = (
					"$(inherited)",
					"$(PROJECT_DIR)/frmws",
				);
				PRODUCT_BUNDLE_IDENTIFIER = com.yamnel.HertzChauffeur;
				PRODUCT_NAME = "$(TARGET_NAME)";
				PROVISIONING_PROFILE_SPECIFIER = "";
				SWIFT_OBJC_BRIDGING_HEADER = "HertzChauffeur/HertzChauffeur-Bridging-Header.h";
				SWIFT_OPTIMIZATION_LEVEL = "-Onone";
				SWIFT_VERSION = 3.0;
			};
			name = Debug;
		};
		F80F587F1E9041D100B00EA2 /* Release */ = {
			isa = XCBuildConfiguration;
			buildSettings = {
				ASSETCATALOG_COMPILER_APPICON_NAME = AppIcon;
				DEVELOPMENT_TEAM = 4U642UQEDA;
				FRAMEWORK_SEARCH_PATHS = (
					"$(inherited)",
					"$(PROJECT_DIR)/frmws",
				);
				INFOPLIST_FILE = HertzChauffeur/Info.plist;
				LD_RUNPATH_SEARCH_PATHS = "$(inherited) @executable_path/Frameworks";
				LIBRARY_SEARCH_PATHS = (
					"$(inherited)",
					"$(PROJECT_DIR)/frmws",
				);
				PRODUCT_BUNDLE_IDENTIFIER = com.yamnel.HertzChauffeur;
				PRODUCT_NAME = "$(TARGET_NAME)";
				PROVISIONING_PROFILE_SPECIFIER = "";
				SWIFT_OBJC_BRIDGING_HEADER = "HertzChauffeur/HertzChauffeur-Bridging-Header.h";
				SWIFT_VERSION = 3.0;
			};
			name = Release;
		};
/* End XCBuildConfiguration section */

/* Begin XCConfigurationList section */
		F80F58661E9041D100B00EA2 /* Build configuration list for PBXProject "HertzChauffeur" */ = {
			isa = XCConfigurationList;
			buildConfigurations = (
				F80F587B1E9041D100B00EA2 /* Debug */,
				F80F587C1E9041D100B00EA2 /* Release */,
			);
			defaultConfigurationIsVisible = 0;
			defaultConfigurationName = Release;
		};
		F80F587D1E9041D100B00EA2 /* Build configuration list for PBXNativeTarget "HertzChauffeur" */ = {
			isa = XCConfigurationList;
			buildConfigurations = (
				F80F587E1E9041D100B00EA2 /* Debug */,
				F80F587F1E9041D100B00EA2 /* Release */,
			);
			defaultConfigurationIsVisible = 0;
			defaultConfigurationName = Release;
		};
/* End XCConfigurationList section */
	};
	rootObject = F80F58631E9041D100B00EA2 /* Project object */;
}
